
Microsoft Visual Studio Solution File, Format Version 12.00
# Visual Studio Version 17
VisualStudioVersion = 17.2.32616.157
MinimumVisualStudioVersion = 10.0.40219.1
Project("{9A19103F-16F7-4668-BE54-9A1E7A4F7556}") = "Vajehdan", "Vajehdan\Vajehdan.csproj", "{2CF122F4-B257-405C-85DE-A3658600564B}"
EndProject
Global
	GlobalSection(SolutionConfigurationPlatforms) = preSolution
		Debug|Any CPU = Debug|Any CPU
		Release|Any CPU = Release|Any CPU
	EndGlobalSection
	GlobalSection(ProjectConfigurationPlatforms) = postSolution
		{2CF122F4-B257-405C-85DE-A3658600564B}.Debug|Any CPU.ActiveCfg = Debug|Any CPU
		{2CF122F4-B257-405C-85DE-A3658600564B}.Debug|Any CPU.Build.0 = Debug|Any CPU
		{2CF122F4-B257-405C-85DE-A3658600564B}.Release|Any CPU.ActiveCfg = Release|Any CPU
		{2CF122F4-B257-405C-85DE-A3658600564B}.Release|Any CPU.Build.0 = Release|Any CPU
	EndGlobalSection
	GlobalSection(SolutionProperties) = preSolution
		HideSolutionNode = FALSE
	EndGlobalSection
	GlobalSection(ExtensibilityGlobals) = postSolution
		SolutionGuid = {83C05ACD-4FE4-423F-ABE9-E32DECAFDF3A}
	EndGlobalSection
EndGlobal
